// !$*UTF8*$!
{
	archiveVersion = 1;
	classes = {
	};
	objectVersion = 56;
	objects = {

/* Begin PBXBuildFile section */
		78B2FBC92AAB4718009BDFF5 /* CookbookApp.swift in Sources */ = {isa = PBXBuildFile; fileRef = 78B2FBC82AAB4718009BDFF5 /* CookbookApp.swift */; };
		78B2FBCB2AAB4718009BDFF5 /* List_1.swift in Sources */ = {isa = PBXBuildFile; fileRef = 78B2FBCA2AAB4718009BDFF5 /* List_1.swift */; };
		78B2FBCD2AAB471A009BDFF5 /* Assets.xcassets in Resources */ = {isa = PBXBuildFile; fileRef = 78B2FBCC2AAB471A009BDFF5 /* Assets.xcassets */; };
		78B2FBD02AAB471A009BDFF5 /* Preview Assets.xcassets in Resources */ = {isa = PBXBuildFile; fileRef = 78B2FBCF2AAB471A009BDFF5 /* Preview Assets.xcassets */; };
		78B2FBD72AAB4961009BDFF5 /* List_2.swift in Sources */ = {isa = PBXBuildFile; fileRef = 78B2FBD62AAB4961009BDFF5 /* List_2.swift */; };
		78FBC4132AAB5F8300B90BCF /* List_3.swift in Sources */ = {isa = PBXBuildFile; fileRef = 78FBC4122AAB5F8300B90BCF /* List_3.swift */; };
		78FBC4152AAB63BD00B90BCF /* List_4.swift in Sources */ = {isa = PBXBuildFile; fileRef = 78FBC4142AAB63BD00B90BCF /* List_4.swift */; };
		78FBC4192AAB648A00B90BCF /* List_5.swift in Sources */ = {isa = PBXBuildFile; fileRef = 78FBC4182AAB648A00B90BCF /* List_5.swift */; };
		78FBC41B2AAB66EA00B90BCF /* List_6.swift in Sources */ = {isa = PBXBuildFile; fileRef = 78FBC41A2AAB66EA00B90BCF /* List_6.swift */; };
		78FBC41E2AAB6B8F00B90BCF /* Navigation_1.swift in Sources */ = {isa = PBXBuildFile; fileRef = 78FBC41D2AAB6B8F00B90BCF /* Navigation_1.swift */; };
		78FBC4202AAB6DD700B90BCF /* DetailView.swift in Sources */ = {isa = PBXBuildFile; fileRef = 78FBC41F2AAB6DD700B90BCF /* DetailView.swift */; };
		78FBC4232AAB77FF00B90BCF /* DataFlow_1.swift in Sources */ = {isa = PBXBuildFile; fileRef = 78FBC4222AAB77FF00B90BCF /* DataFlow_1.swift */; };
		78FBC4252AAB78EB00B90BCF /* AddItemView.swift in Sources */ = {isa = PBXBuildFile; fileRef = 78FBC4242AAB78EB00B90BCF /* AddItemView.swift */; };
		78FBC4272AAC3A3E00B90BCF /* DataFlow_2.swift in Sources */ = {isa = PBXBuildFile; fileRef = 78FBC4262AAC3A3E00B90BCF /* DataFlow_2.swift */; };
		78FBC4292AAC3B7200B90BCF /* Counter.swift in Sources */ = {isa = PBXBuildFile; fileRef = 78FBC4282AAC3B7200B90BCF /* Counter.swift */; };
		78FBC42B2AAC3E2C00B90BCF /* DataFlow_3.swift in Sources */ = {isa = PBXBuildFile; fileRef = 78FBC42A2AAC3E2C00B90BCF /* DataFlow_3.swift */; };
		78FBC42D2AAC45FE00B90BCF /* DataFlow_4.swift in Sources */ = {isa = PBXBuildFile; fileRef = 78FBC42C2AAC45FE00B90BCF /* DataFlow_4.swift */; };
		78FBC42F2AAC46F300B90BCF /* DataFlow_5.swift in Sources */ = {isa = PBXBuildFile; fileRef = 78FBC42E2AAC46F300B90BCF /* DataFlow_5.swift */; };
		78FBC4312AAC508A00B90BCF /* DataFlow_6.swift in Sources */ = {isa = PBXBuildFile; fileRef = 78FBC4302AAC508A00B90BCF /* DataFlow_6.swift */; };
		78FBC4342AAC56E700B90BCF /* Sheets_1.swift in Sources */ = {isa = PBXBuildFile; fileRef = 78FBC4332AAC56E700B90BCF /* Sheets_1.swift */; };
		78FBC4362AAC574300B90BCF /* AddItemViewSheets.swift in Sources */ = {isa = PBXBuildFile; fileRef = 78FBC4352AAC574300B90BCF /* AddItemViewSheets.swift */; };
		78FBC4382AAC599F00B90BCF /* Sheets_2.swift in Sources */ = {isa = PBXBuildFile; fileRef = 78FBC4372AAC599F00B90BCF /* Sheets_2.swift */; };
		78FBC43A2AAC5C1000B90BCF /* Sheets_3.swift in Sources */ = {isa = PBXBuildFile; fileRef = 78FBC4392AAC5C1000B90BCF /* Sheets_3.swift */; };
		78FBC43C2AAC617000B90BCF /* FlexibleSheet.swift in Sources */ = {isa = PBXBuildFile; fileRef = 78FBC43B2AAC617000B90BCF /* FlexibleSheet.swift */; };
		78FBC43F2AAC6F3700B90BCF /* MVVM_View.swift in Sources */ = {isa = PBXBuildFile; fileRef = 78FBC43E2AAC6F3700B90BCF /* MVVM_View.swift */; };
		78FBC4412AAC6F4800B90BCF /* Webservice.swift in Sources */ = {isa = PBXBuildFile; fileRef = 78FBC4402AAC6F4800B90BCF /* Webservice.swift */; };
		78FBC4432AAC703700B90BCF /* PostModel.swift in Sources */ = {isa = PBXBuildFile; fileRef = 78FBC4422AAC703700B90BCF /* PostModel.swift */; };
		78FBC4452AAC71EB00B90BCF /* MVVM_ViewModel.swift in Sources */ = {isa = PBXBuildFile; fileRef = 78FBC4442AAC71EB00B90BCF /* MVVM_ViewModel.swift */; };
/* End PBXBuildFile section */

/* Begin PBXFileReference section */
		78B2FBC52AAB4718009BDFF5 /* Cookbook.app */ = {isa = PBXFileReference; explicitFileType = wrapper.application; includeInIndex = 0; path = Cookbook.app; sourceTree = BUILT_PRODUCTS_DIR; };
		78B2FBC82AAB4718009BDFF5 /* CookbookApp.swift */ = {isa = PBXFileReference; lastKnownFileType = sourcecode.swift; path = CookbookApp.swift; sourceTree = "<group>"; };
		78B2FBCA2AAB4718009BDFF5 /* List_1.swift */ = {isa = PBXFileReference; lastKnownFileType = sourcecode.swift; path = List_1.swift; sourceTree = "<group>"; };
		78B2FBCC2AAB471A009BDFF5 /* Assets.xcassets */ = {isa = PBXFileReference; lastKnownFileType = folder.assetcatalog; path = Assets.xcassets; sourceTree = "<group>"; };
		78B2FBCF2AAB471A009BDFF5 /* Preview Assets.xcassets */ = {isa = PBXFileReference; lastKnownFileType = folder.assetcatalog; path = "Preview Assets.xcassets"; sourceTree = "<group>"; };
		78B2FBD62AAB4961009BDFF5 /* List_2.swift */ = {isa = PBXFileReference; lastKnownFileType = sourcecode.swift; path = List_2.swift; sourceTree = "<group>"; };
		78FBC4122AAB5F8300B90BCF /* List_3.swift */ = {isa = PBXFileReference; lastKnownFileType = sourcecode.swift; path = List_3.swift; sourceTree = "<group>"; };
		78FBC4142AAB63BD00B90BCF /* List_4.swift */ = {isa = PBXFileReference; lastKnownFileType = sourcecode.swift; path = List_4.swift; sourceTree = "<group>"; };
		78FBC4182AAB648A00B90BCF /* List_5.swift */ = {isa = PBXFileReference; lastKnownFileType = sourcecode.swift; path = List_5.swift; sourceTree = "<group>"; };
		78FBC41A2AAB66EA00B90BCF /* List_6.swift */ = {isa = PBXFileReference; lastKnownFileType = sourcecode.swift; path = List_6.swift; sourceTree = "<group>"; };
		78FBC41D2AAB6B8F00B90BCF /* Navigation_1.swift */ = {isa = PBXFileReference; lastKnownFileType = sourcecode.swift; path = Navigation_1.swift; sourceTree = "<group>"; };
		78FBC41F2AAB6DD700B90BCF /* DetailView.swift */ = {isa = PBXFileReference; lastKnownFileType = sourcecode.swift; path = DetailView.swift; sourceTree = "<group>"; };
		78FBC4222AAB77FF00B90BCF /* DataFlow_1.swift */ = {isa = PBXFileReference; lastKnownFileType = sourcecode.swift; path = DataFlow_1.swift; sourceTree = "<group>"; };
		78FBC4242AAB78EB00B90BCF /* AddItemView.swift */ = {isa = PBXFileReference; lastKnownFileType = sourcecode.swift; path = AddItemView.swift; sourceTree = "<group>"; };
		78FBC4262AAC3A3E00B90BCF /* DataFlow_2.swift */ = {isa = PBXFileReference; lastKnownFileType = sourcecode.swift; path = DataFlow_2.swift; sourceTree = "<group>"; };
		78FBC4282AAC3B7200B90BCF /* Counter.swift */ = {isa = PBXFileReference; lastKnownFileType = sourcecode.swift; path = Counter.swift; sourceTree = "<group>"; };
		78FBC42A2AAC3E2C00B90BCF /* DataFlow_3.swift */ = {isa = PBXFileReference; lastKnownFileType = sourcecode.swift; path = DataFlow_3.swift; sourceTree = "<group>"; };
		78FBC42C2AAC45FE00B90BCF /* DataFlow_4.swift */ = {isa = PBXFileReference; lastKnownFileType = sourcecode.swift; path = DataFlow_4.swift; sourceTree = "<group>"; };
		78FBC42E2AAC46F300B90BCF /* DataFlow_5.swift */ = {isa = PBXFileReference; lastKnownFileType = sourcecode.swift; path = DataFlow_5.swift; sourceTree = "<group>"; };
		78FBC4302AAC508A00B90BCF /* DataFlow_6.swift */ = {isa = PBXFileReference; lastKnownFileType = sourcecode.swift; path = DataFlow_6.swift; sourceTree = "<group>"; };
		78FBC4332AAC56E700B90BCF /* Sheets_1.swift */ = {isa = PBXFileReference; lastKnownFileType = sourcecode.swift; path = Sheets_1.swift; sourceTree = "<group>"; };
		78FBC4352AAC574300B90BCF /* AddItemViewSheets.swift */ = {isa = PBXFileReference; lastKnownFileType = sourcecode.swift; path = AddItemViewSheets.swift; sourceTree = "<group>"; };
		78FBC4372AAC599F00B90BCF /* Sheets_2.swift */ = {isa = PBXFileReference; lastKnownFileType = sourcecode.swift; path = Sheets_2.swift; sourceTree = "<group>"; };
		78FBC4392AAC5C1000B90BCF /* Sheets_3.swift */ = {isa = PBXFileReference; lastKnownFileType = sourcecode.swift; path = Sheets_3.swift; sourceTree = "<group>"; };
		78FBC43B2AAC617000B90BCF /* FlexibleSheet.swift */ = {isa = PBXFileReference; lastKnownFileType = sourcecode.swift; path = FlexibleSheet.swift; sourceTree = "<group>"; };
		78FBC43E2AAC6F3700B90BCF /* MVVM_View.swift */ = {isa = PBXFileReference; lastKnownFileType = sourcecode.swift; path = MVVM_View.swift; sourceTree = "<group>"; };
		78FBC4402AAC6F4800B90BCF /* Webservice.swift */ = {isa = PBXFileReference; lastKnownFileType = sourcecode.swift; path = Webservice.swift; sourceTree = "<group>"; };
		78FBC4422AAC703700B90BCF /* PostModel.swift */ = {isa = PBXFileReference; lastKnownFileType = sourcecode.swift; path = PostModel.swift; sourceTree = "<group>"; };
		78FBC4442AAC71EB00B90BCF /* MVVM_ViewModel.swift */ = {isa = PBXFileReference; lastKnownFileType = sourcecode.swift; path = MVVM_ViewModel.swift; sourceTree = "<group>"; };
/* End PBXFileReference section */

/* Begin PBXFrameworksBuildPhase section */
		78B2FBC22AAB4718009BDFF5 /* Frameworks */ = {
			isa = PBXFrameworksBuildPhase;
			buildActionMask = 2147483647;
			files = (
			);
			runOnlyForDeploymentPostprocessing = 0;
		};
/* End PBXFrameworksBuildPhase section */

/* Begin PBXGroup section */
		78B2FBBC2AAB4717009BDFF5 = {
			isa = PBXGroup;
			children = (
				78B2FBC72AAB4718009BDFF5 /* Cookbook */,
				78B2FBC62AAB4718009BDFF5 /* Products */,
			);
			sourceTree = "<group>";
		};
		78B2FBC62AAB4718009BDFF5 /* Products */ = {
			isa = PBXGroup;
			children = (
				78B2FBC52AAB4718009BDFF5 /* Cookbook.app */,
			);
			name = Products;
			sourceTree = "<group>";
		};
		78B2FBC72AAB4718009BDFF5 /* Cookbook */ = {
			isa = PBXGroup;
			children = (
				78FBC4462AAC764700B90BCF /* CoreData */,
				78FBC43D2AAC6F0300B90BCF /* MVVM */,
				78FBC4322AAC56D700B90BCF /* Sheets */,
				78FBC4212AAB767800B90BCF /* DataFlow */,
				78B2FBC82AAB4718009BDFF5 /* CookbookApp.swift */,
				78FBC4162AAB646400B90BCF /* List */,
				78FBC41C2AAB6B6F00B90BCF /* Navigation */,
				78B2FBCC2AAB471A009BDFF5 /* Assets.xcassets */,
				78B2FBCE2AAB471A009BDFF5 /* Preview Content */,
			);
			path = Cookbook;
			sourceTree = "<group>";
		};
		78B2FBCE2AAB471A009BDFF5 /* Preview Content */ = {
			isa = PBXGroup;
			children = (
				78B2FBCF2AAB471A009BDFF5 /* Preview Assets.xcassets */,
			);
			path = "Preview Content";
			sourceTree = "<group>";
		};
		78FBC4162AAB646400B90BCF /* List */ = {
			isa = PBXGroup;
			children = (
				78B2FBCA2AAB4718009BDFF5 /* List_1.swift */,
				78B2FBD62AAB4961009BDFF5 /* List_2.swift */,
				78FBC4122AAB5F8300B90BCF /* List_3.swift */,
				78FBC4142AAB63BD00B90BCF /* List_4.swift */,
				78FBC4182AAB648A00B90BCF /* List_5.swift */,
				78FBC41A2AAB66EA00B90BCF /* List_6.swift */,
			);
			path = List;
			sourceTree = "<group>";
		};
		78FBC41C2AAB6B6F00B90BCF /* Navigation */ = {
			isa = PBXGroup;
			children = (
				78FBC41D2AAB6B8F00B90BCF /* Navigation_1.swift */,
				78FBC41F2AAB6DD700B90BCF /* DetailView.swift */,
			);
			path = Navigation;
			sourceTree = "<group>";
		};
		78FBC4212AAB767800B90BCF /* DataFlow */ = {
			isa = PBXGroup;
			children = (
				78FBC4222AAB77FF00B90BCF /* DataFlow_1.swift */,
				78FBC4242AAB78EB00B90BCF /* AddItemView.swift */,
				78FBC4262AAC3A3E00B90BCF /* DataFlow_2.swift */,
				78FBC4282AAC3B7200B90BCF /* Counter.swift */,
				78FBC42A2AAC3E2C00B90BCF /* DataFlow_3.swift */,
				78FBC42C2AAC45FE00B90BCF /* DataFlow_4.swift */,
				78FBC42E2AAC46F300B90BCF /* DataFlow_5.swift */,
				78FBC4302AAC508A00B90BCF /* DataFlow_6.swift */,
			);
			path = DataFlow;
			sourceTree = "<group>";
		};
		78FBC4322AAC56D700B90BCF /* Sheets */ = {
			isa = PBXGroup;
			children = (
				78FBC4332AAC56E700B90BCF /* Sheets_1.swift */,
				78FBC4352AAC574300B90BCF /* AddItemViewSheets.swift */,
				78FBC4372AAC599F00B90BCF /* Sheets_2.swift */,
				78FBC4392AAC5C1000B90BCF /* Sheets_3.swift */,
				78FBC43B2AAC617000B90BCF /* FlexibleSheet.swift */,
			);
			path = Sheets;
			sourceTree = "<group>";
		};
		78FBC43D2AAC6F0300B90BCF /* MVVM */ = {
			isa = PBXGroup;
			children = (
				78FBC43E2AAC6F3700B90BCF /* MVVM_View.swift */,
				78FBC4402AAC6F4800B90BCF /* Webservice.swift */,
				78FBC4422AAC703700B90BCF /* PostModel.swift */,
				78FBC4442AAC71EB00B90BCF /* MVVM_ViewModel.swift */,
			);
			path = MVVM;
			sourceTree = "<group>";
		};
		78FBC4462AAC764700B90BCF /* CoreData */ = {
			isa = PBXGroup;
			children = (
			);
			path = CoreData;
			sourceTree = "<group>";
		};
/* End PBXGroup section */

/* Begin PBXNativeTarget section */
		78B2FBC42AAB4718009BDFF5 /* Cookbook */ = {
			isa = PBXNativeTarget;
			buildConfigurationList = 78B2FBD32AAB471A009BDFF5 /* Build configuration list for PBXNativeTarget "Cookbook" */;
			buildPhases = (
				78B2FBC12AAB4718009BDFF5 /* Sources */,
				78B2FBC22AAB4718009BDFF5 /* Frameworks */,
				78B2FBC32AAB4718009BDFF5 /* Resources */,
			);
			buildRules = (
			);
			dependencies = (
			);
			name = Cookbook;
			productName = Cookbook;
			productReference = 78B2FBC52AAB4718009BDFF5 /* Cookbook.app */;
			productType = "com.apple.product-type.application";
		};
/* End PBXNativeTarget section */

/* Begin PBXProject section */
		78B2FBBD2AAB4717009BDFF5 /* Project object */ = {
			isa = PBXProject;
			attributes = {
				BuildIndependentTargetsInParallel = 1;
				LastSwiftUpdateCheck = 1500;
				LastUpgradeCheck = 1500;
				TargetAttributes = {
					78B2FBC42AAB4718009BDFF5 = {
						CreatedOnToolsVersion = 15.0;
					};
				};
			};
			buildConfigurationList = 78B2FBC02AAB4717009BDFF5 /* Build configuration list for PBXProject "Cookbook" */;
			compatibilityVersion = "Xcode 14.0";
			developmentRegion = en;
			hasScannedForEncodings = 0;
			knownRegions = (
				en,
				Base,
			);
			mainGroup = 78B2FBBC2AAB4717009BDFF5;
			productRefGroup = 78B2FBC62AAB4718009BDFF5 /* Products */;
			projectDirPath = "";
			projectRoot = "";
			targets = (
				78B2FBC42AAB4718009BDFF5 /* Cookbook */,
			);
		};
/* End PBXProject section */

/* Begin PBXResourcesBuildPhase section */
		78B2FBC32AAB4718009BDFF5 /* Resources */ = {
			isa = PBXResourcesBuildPhase;
			buildActionMask = 2147483647;
			files = (
				78B2FBD02AAB471A009BDFF5 /* Preview Assets.xcassets in Resources */,
				78B2FBCD2AAB471A009BDFF5 /* Assets.xcassets in Resources */,
			);
			runOnlyForDeploymentPostprocessing = 0;
		};
/* End PBXResourcesBuildPhase section */

/* Begin PBXSourcesBuildPhase section */
		78B2FBC12AAB4718009BDFF5 /* Sources */ = {
			isa = PBXSourcesBuildPhase;
			buildActionMask = 2147483647;
			files = (
				78B2FBCB2AAB4718009BDFF5 /* List_1.swift in Sources */,
				78FBC42F2AAC46F300B90BCF /* DataFlow_5.swift in Sources */,
				78FBC4412AAC6F4800B90BCF /* Webservice.swift in Sources */,
				78FBC4232AAB77FF00B90BCF /* DataFlow_1.swift in Sources */,
				78FBC4292AAC3B7200B90BCF /* Counter.swift in Sources */,
				78FBC4272AAC3A3E00B90BCF /* DataFlow_2.swift in Sources */,
				78FBC4202AAB6DD700B90BCF /* DetailView.swift in Sources */,
				78FBC4192AAB648A00B90BCF /* List_5.swift in Sources */,
				78FBC41B2AAB66EA00B90BCF /* List_6.swift in Sources */,
				78FBC42B2AAC3E2C00B90BCF /* DataFlow_3.swift in Sources */,
				78FBC4452AAC71EB00B90BCF /* MVVM_ViewModel.swift in Sources */,
				78FBC4362AAC574300B90BCF /* AddItemViewSheets.swift in Sources */,
				78FBC4342AAC56E700B90BCF /* Sheets_1.swift in Sources */,
				78FBC4132AAB5F8300B90BCF /* List_3.swift in Sources */,
				78B2FBD72AAB4961009BDFF5 /* List_2.swift in Sources */,
				78FBC41E2AAB6B8F00B90BCF /* Navigation_1.swift in Sources */,
				78FBC43C2AAC617000B90BCF /* FlexibleSheet.swift in Sources */,
				78FBC42D2AAC45FE00B90BCF /* DataFlow_4.swift in Sources */,
				78FBC4252AAB78EB00B90BCF /* AddItemView.swift in Sources */,
				78FBC4312AAC508A00B90BCF /* DataFlow_6.swift in Sources */,
				78B2FBC92AAB4718009BDFF5 /* CookbookApp.swift in Sources */,
				78FBC43A2AAC5C1000B90BCF /* Sheets_3.swift in Sources */,
				78FBC4432AAC703700B90BCF /* PostModel.swift in Sources */,
				78FBC4382AAC599F00B90BCF /* Sheets_2.swift in Sources */,
				78FBC43F2AAC6F3700B90BCF /* MVVM_View.swift in Sources */,
				78FBC4152AAB63BD00B90BCF /* List_4.swift in Sources */,
			);
			runOnlyForDeploymentPostprocessing = 0;
		};
/* End PBXSourcesBuildPhase section */

/* Begin XCBuildConfiguration section */
		78B2FBD12AAB471A009BDFF5 /* Debug */ = {
			isa = XCBuildConfiguration;
			buildSettings = {
				ALWAYS_SEARCH_USER_PATHS = NO;
				ASSETCATALOG_COMPILER_GENERATE_SWIFT_ASSET_SYMBOL_EXTENSIONS = YES;
				CLANG_ANALYZER_NONNULL = YES;
				CLANG_ANALYZER_NUMBER_OBJECT_CONVERSION = YES_AGGRESSIVE;
				CLANG_CXX_LANGUAGE_STANDARD = "gnu++20";
				CLANG_ENABLE_MODULES = YES;
				CLANG_ENABLE_OBJC_ARC = YES;
				CLANG_ENABLE_OBJC_WEAK = YES;
				CLANG_WARN_BLOCK_CAPTURE_AUTORELEASING = YES;
				CLANG_WARN_BOOL_CONVERSION = YES;
				CLANG_WARN_COMMA = YES;
				CLANG_WARN_CONSTANT_CONVERSION = YES;
				CLANG_WARN_DEPRECATED_OBJC_IMPLEMENTATIONS = YES;
				CLANG_WARN_DIRECT_OBJC_ISA_USAGE = YES_ERROR;
				CLANG_WARN_DOCUMENTATION_COMMENTS = YES;
				CLANG_WARN_EMPTY_BODY = YES;
				CLANG_WARN_ENUM_CONVERSION = YES;
				CLANG_WARN_INFINITE_RECURSION = YES;
				CLANG_WARN_INT_CONVERSION = YES;
				CLANG_WARN_NON_LITERAL_NULL_CONVERSION = YES;
				CLANG_WARN_OBJC_IMPLICIT_RETAIN_SELF = YES;
				CLANG_WARN_OBJC_LITERAL_CONVERSION = YES;
				CLANG_WARN_OBJC_ROOT_CLASS = YES_ERROR;
				CLANG_WARN_QUOTED_INCLUDE_IN_FRAMEWORK_HEADER = YES;
				CLANG_WARN_RANGE_LOOP_ANALYSIS = YES;
				CLANG_WARN_STRICT_PROTOTYPES = YES;
				CLANG_WARN_SUSPICIOUS_MOVE = YES;
				CLANG_WARN_UNGUARDED_AVAILABILITY = YES_AGGRESSIVE;
				CLANG_WARN_UNREACHABLE_CODE = YES;
				CLANG_WARN__DUPLICATE_METHOD_MATCH = YES;
				COPY_PHASE_STRIP = NO;
				DEBUG_INFORMATION_FORMAT = dwarf;
				ENABLE_STRICT_OBJC_MSGSEND = YES;
				ENABLE_TESTABILITY = YES;
				ENABLE_USER_SCRIPT_SANDBOXING = YES;
				GCC_C_LANGUAGE_STANDARD = gnu17;
				GCC_DYNAMIC_NO_PIC = NO;
				GCC_NO_COMMON_BLOCKS = YES;
				GCC_OPTIMIZATION_LEVEL = 0;
				GCC_PREPROCESSOR_DEFINITIONS = (
					"DEBUG=1",
					"$(inherited)",
				);
				GCC_WARN_64_TO_32_BIT_CONVERSION = YES;
				GCC_WARN_ABOUT_RETURN_TYPE = YES_ERROR;
				GCC_WARN_UNDECLARED_SELECTOR = YES;
				GCC_WARN_UNINITIALIZED_AUTOS = YES_AGGRESSIVE;
				GCC_WARN_UNUSED_FUNCTION = YES;
				GCC_WARN_UNUSED_VARIABLE = YES;
				IPHONEOS_DEPLOYMENT_TARGET = 17.0;
				LOCALIZATION_PREFERS_STRING_CATALOGS = YES;
				MTL_ENABLE_DEBUG_INFO = INCLUDE_SOURCE;
				MTL_FAST_MATH = YES;
				ONLY_ACTIVE_ARCH = YES;
				SDKROOT = iphoneos;
				SWIFT_ACTIVE_COMPILATION_CONDITIONS = "DEBUG $(inherited)";
				SWIFT_OPTIMIZATION_LEVEL = "-Onone";
			};
			name = Debug;
		};
		78B2FBD22AAB471A009BDFF5 /* Release */ = {
			isa = XCBuildConfiguration;
			buildSettings = {
				ALWAYS_SEARCH_USER_PATHS = NO;
				ASSETCATALOG_COMPILER_GENERATE_SWIFT_ASSET_SYMBOL_EXTENSIONS = YES;
				CLANG_ANALYZER_NONNULL = YES;
				CLANG_ANALYZER_NUMBER_OBJECT_CONVERSION = YES_AGGRESSIVE;
				CLANG_CXX_LANGUAGE_STANDARD = "gnu++20";
				CLANG_ENABLE_MODULES = YES;
				CLANG_ENABLE_OBJC_ARC = YES;
				CLANG_ENABLE_OBJC_WEAK = YES;
				CLANG_WARN_BLOCK_CAPTURE_AUTORELEASING = YES;
				CLANG_WARN_BOOL_CONVERSION = YES;
				CLANG_WARN_COMMA = YES;
				CLANG_WARN_CONSTANT_CONVERSION = YES;
				CLANG_WARN_DEPRECATED_OBJC_IMPLEMENTATIONS = YES;
				CLANG_WARN_DIRECT_OBJC_ISA_USAGE = YES_ERROR;
				CLANG_WARN_DOCUMENTATION_COMMENTS = YES;
				CLANG_WARN_EMPTY_BODY = YES;
				CLANG_WARN_ENUM_CONVERSION = YES;
				CLANG_WARN_INFINITE_RECURSION = YES;
				CLANG_WARN_INT_CONVERSION = YES;
				CLANG_WARN_NON_LITERAL_NULL_CONVERSION = YES;
				CLANG_WARN_OBJC_IMPLICIT_RETAIN_SELF = YES;
				CLANG_WARN_OBJC_LITERAL_CONVERSION = YES;
				CLANG_WARN_OBJC_ROOT_CLASS = YES_ERROR;
				CLANG_WARN_QUOTED_INCLUDE_IN_FRAMEWORK_HEADER = YES;
				CLANG_WARN_RANGE_LOOP_ANALYSIS = YES;
				CLANG_WARN_STRICT_PROTOTYPES = YES;
				CLANG_WARN_SUSPICIOUS_MOVE = YES;
				CLANG_WARN_UNGUARDED_AVAILABILITY = YES_AGGRESSIVE;
				CLANG_WARN_UNREACHABLE_CODE = YES;
				CLANG_WARN__DUPLICATE_METHOD_MATCH = YES;
				COPY_PHASE_STRIP = NO;
				DEBUG_INFORMATION_FORMAT = "dwarf-with-dsym";
				ENABLE_NS_ASSERTIONS = NO;
				ENABLE_STRICT_OBJC_MSGSEND = YES;
				ENABLE_USER_SCRIPT_SANDBOXING = YES;
				GCC_C_LANGUAGE_STANDARD = gnu17;
				GCC_NO_COMMON_BLOCKS = YES;
				GCC_WARN_64_TO_32_BIT_CONVERSION = YES;
				GCC_WARN_ABOUT_RETURN_TYPE = YES_ERROR;
				GCC_WARN_UNDECLARED_SELECTOR = YES;
				GCC_WARN_UNINITIALIZED_AUTOS = YES_AGGRESSIVE;
				GCC_WARN_UNUSED_FUNCTION = YES;
				GCC_WARN_UNUSED_VARIABLE = YES;
				IPHONEOS_DEPLOYMENT_TARGET = 17.0;
				LOCALIZATION_PREFERS_STRING_CATALOGS = YES;
				MTL_ENABLE_DEBUG_INFO = NO;
				MTL_FAST_MATH = YES;
				SDKROOT = iphoneos;
				SWIFT_COMPILATION_MODE = wholemodule;
				VALIDATE_PRODUCT = YES;
			};
			name = Release;
		};
		78B2FBD42AAB471A009BDFF5 /* Debug */ = {
			isa = XCBuildConfiguration;
			buildSettings = {
				ASSETCATALOG_COMPILER_APPICON_NAME = AppIcon;
				ASSETCATALOG_COMPILER_GLOBAL_ACCENT_COLOR_NAME = AccentColor;
				CODE_SIGN_STYLE = Automatic;
				CURRENT_PROJECT_VERSION = 1;
				DEVELOPMENT_ASSET_PATHS = "\"Cookbook/Preview Content\"";
				DEVELOPMENT_TEAM = 87Y27Y4V6M;
				ENABLE_PREVIEWS = YES;
				GENERATE_INFOPLIST_FILE = YES;
				INFOPLIST_KEY_UIApplicationSceneManifest_Generation = YES;
				INFOPLIST_KEY_UIApplicationSupportsIndirectInputEvents = YES;
				INFOPLIST_KEY_UILaunchScreen_Generation = YES;
				INFOPLIST_KEY_UISupportedInterfaceOrientations_iPad = "UIInterfaceOrientationPortrait UIInterfaceOrientationPortraitUpsideDown UIInterfaceOrientationLandscapeLeft UIInterfaceOrientationLandscapeRight";
				INFOPLIST_KEY_UISupportedInterfaceOrientations_iPhone = "UIInterfaceOrientationPortrait UIInterfaceOrientationLandscapeLeft UIInterfaceOrientationLandscapeRight";
				LD_RUNPATH_SEARCH_PATHS = (
					"$(inherited)",
					"@executable_path/Frameworks",
				);
				MARKETING_VERSION = 1.0;
				PRODUCT_BUNDLE_IDENTIFIER = com.peterwesolowski.cookbook.Cookbook;
				PRODUCT_NAME = "$(TARGET_NAME)";
				SWIFT_EMIT_LOC_STRINGS = YES;
				SWIFT_VERSION = 5.0;
				TARGETED_DEVICE_FAMILY = "1,2";
			};
			name = Debug;
		};
		78B2FBD52AAB471A009BDFF5 /* Release */ = {
			isa = XCBuildConfiguration;
			buildSettings = {
				ASSETCATALOG_COMPILER_APPICON_NAME = AppIcon;
				ASSETCATALOG_COMPILER_GLOBAL_ACCENT_COLOR_NAME = AccentColor;
				CODE_SIGN_STYLE = Automatic;
				CURRENT_PROJECT_VERSION = 1;
				DEVELOPMENT_ASSET_PATHS = "\"Cookbook/Preview Content\"";
				DEVELOPMENT_TEAM = 87Y27Y4V6M;
				ENABLE_PREVIEWS = YES;
				GENERATE_INFOPLIST_FILE = YES;
				INFOPLIST_KEY_UIApplicationSceneManifest_Generation = YES;
				INFOPLIST_KEY_UIApplicationSupportsIndirectInputEvents = YES;
				INFOPLIST_KEY_UILaunchScreen_Generation = YES;
				INFOPLIST_KEY_UISupportedInterfaceOrientations_iPad = "UIInterfaceOrientationPortrait UIInterfaceOrientationPortraitUpsideDown UIInterfaceOrientationLandscapeLeft UIInterfaceOrientationLandscapeRight";
				INFOPLIST_KEY_UISupportedInterfaceOrientations_iPhone = "UIInterfaceOrientationPortrait UIInterfaceOrientationLandscapeLeft UIInterfaceOrientationLandscapeRight";
				LD_RUNPATH_SEARCH_PATHS = (
					"$(inherited)",
					"@executable_path/Frameworks",
				);
				MARKETING_VERSION = 1.0;
				PRODUCT_BUNDLE_IDENTIFIER = com.peterwesolowski.cookbook.Cookbook;
				PRODUCT_NAME = "$(TARGET_NAME)";
				SWIFT_EMIT_LOC_STRINGS = YES;
				SWIFT_VERSION = 5.0;
				TARGETED_DEVICE_FAMILY = "1,2";
			};
			name = Release;
		};
/* End XCBuildConfiguration section */

/* Begin XCConfigurationList section */
		78B2FBC02AAB4717009BDFF5 /* Build configuration list for PBXProject "Cookbook" */ = {
			isa = XCConfigurationList;
			buildConfigurations = (
				78B2FBD12AAB471A009BDFF5 /* Debug */,
				78B2FBD22AAB471A009BDFF5 /* Release */,
			);
			defaultConfigurationIsVisible = 0;
			defaultConfigurationName = Release;
		};
		78B2FBD32AAB471A009BDFF5 /* Build configuration list for PBXNativeTarget "Cookbook" */ = {
			isa = XCConfigurationList;
			buildConfigurations = (
				78B2FBD42AAB471A009BDFF5 /* Debug */,
				78B2FBD52AAB471A009BDFF5 /* Release */,
			);
			defaultConfigurationIsVisible = 0;
			defaultConfigurationName = Release;
		};
/* End XCConfigurationList section */
	};
	rootObject = 78B2FBBD2AAB4717009BDFF5 /* Project object */;
}
